
Microsoft Visual Studio Solution File, Format Version 11.00
# Visual Studio 2010
Project("{FAE04EC0-301F-11D3-BF4B-00C04F79EFBC}") = "aula3", "Assembly-CSharp.csproj", "{BAB4E63C-9065-6BEE-3654-31299F9DFB59}"
EndProject
Global
	GlobalSection(SolutionConfigurationPlatforms) = preSolution
		Debug|Any CPU = Debug|Any CPU
		Release|Any CPU = Release|Any CPU
	EndGlobalSection
	GlobalSection(ProjectConfigurationPlatforms) = postSolution
		{BAB4E63C-9065-6BEE-3654-31299F9DFB59}.Debug|Any CPU.ActiveCfg = Debug|Any CPU
		{BAB4E63C-9065-6BEE-3654-31299F9DFB59}.Debug|Any CPU.Build.0 = Debug|Any CPU
		{BAB4E63C-9065-6BEE-3654-31299F9DFB59}.Release|Any CPU.ActiveCfg = Release|Any CPU
		{BAB4E63C-9065-6BEE-3654-31299F9DFB59}.Release|Any CPU.Build.0 = Release|Any CPU
	EndGlobalSection
	GlobalSection(SolutionProperties) = preSolution
		HideSolutionNode = FALSE
	EndGlobalSection
	GlobalSection(MonoDevelopProperties) = preSolution
		StartupItem = Assembly-CSharp.csproj
	EndGlobalSection
EndGlobal
