
Microsoft Visual Studio Solution File, Format Version 11.00
# Visual Studio 2010
Project("{FAE04EC0-301F-11D3-BF4B-00C04F79EFBC}") = "aula4", "Assembly-CSharp.csproj", "{EC3369D5-E4C8-4226-B4B1-C329F802B80C}"
EndProject
Global
	GlobalSection(SolutionConfigurationPlatforms) = preSolution
		Debug|Any CPU = Debug|Any CPU
		Release|Any CPU = Release|Any CPU
	EndGlobalSection
	GlobalSection(ProjectConfigurationPlatforms) = postSolution
		{EC3369D5-E4C8-4226-B4B1-C329F802B80C}.Debug|Any CPU.ActiveCfg = Debug|Any CPU
		{EC3369D5-E4C8-4226-B4B1-C329F802B80C}.Debug|Any CPU.Build.0 = Debug|Any CPU
		{EC3369D5-E4C8-4226-B4B1-C329F802B80C}.Release|Any CPU.ActiveCfg = Release|Any CPU
		{EC3369D5-E4C8-4226-B4B1-C329F802B80C}.Release|Any CPU.Build.0 = Release|Any CPU
	EndGlobalSection
	GlobalSection(SolutionProperties) = preSolution
		HideSolutionNode = FALSE
	EndGlobalSection
	GlobalSection(MonoDevelopProperties) = preSolution
		StartupItem = Assembly-CSharp.csproj
	EndGlobalSection
EndGlobal
